
Microsoft Visual Studio Solution File, Format Version 12.00
# Visual Studio Version 17
VisualStudioVersion = 17.8.34511.84
MinimumVisualStudioVersion = 10.0.40219.1
Project("{FAE04EC0-301F-11D3-BF4B-00C04F79EFBC}") = "IdentityService.API", "IdentityService.API\IdentityService.API.csproj", "{DB46C920-3E9F-4628-A8F7-3EC9B9009A2A}"
EndProject
Global
	GlobalSection(SolutionConfigurationPlatforms) = preSolution
		Debug|Any CPU = Debug|Any CPU
		Release|Any CPU = Release|Any CPU
	EndGlobalSection
	GlobalSection(ProjectConfigurationPlatforms) = postSolution
		{DB46C920-3E9F-4628-A8F7-3EC9B9009A2A}.Debug|Any CPU.ActiveCfg = Debug|Any CPU
		{DB46C920-3E9F-4628-A8F7-3EC9B9009A2A}.Debug|Any CPU.Build.0 = Debug|Any CPU
		{DB46C920-3E9F-4628-A8F7-3EC9B9009A2A}.Release|Any CPU.ActiveCfg = Release|Any CPU
		{DB46C920-3E9F-4628-A8F7-3EC9B9009A2A}.Release|Any CPU.Build.0 = Release|Any CPU
	EndGlobalSection
	GlobalSection(SolutionProperties) = preSolution
		HideSolutionNode = FALSE
	EndGlobalSection
	GlobalSection(ExtensibilityGlobals) = postSolution
		SolutionGuid = {5B8A00D4-B626-4109-9767-8DE110F86FB0}
	EndGlobalSection
EndGlobal
